{
	"name": "bingo-svelte",
	"version": "0.0.1",
	"lockfileVersion": 3,
	"requires": true,
	"packages": {
		"": {
			"name": "bingo-svelte",
			"version": "0.0.1",
			"devDependencies": {
				"@fontsource/fira-mono": "^5.0.0",
				"@neoconfetti/svelte": "^2.0.0",
				"@sveltejs/adapter-auto": "^3.0.0",
				"@sveltejs/kit": "^2.0.0",
				"@sveltejs/vite-plugin-svelte": "^3.0.0",
				"svelte": "^4.2.7",
				"svelte-check": "^4.0.0",
				"typescript": "^5.0.0",
				"vite": "^5.0.3"
			}
		},
		"node_modules/@ampproject/remapping": {
			"version": "2.3.0",
			"resolved": "https://pkgs.dev.azure.com/bag-2020prj/_packaging/B2BLibraries/npm/registry/@ampproject/remapping/-/remapping-2.3.0.tgz",
			"integrity": "sha1-7UQbb6YAByUgzhi0PSyMyMrsx/Q=",
			"dev": true,
			"license": "Apache-2.0",
			"dependencies": {
				"@jridgewell/gen-mapping": "^0.3.5",
				"@jridgewell/trace-mapping": "^0.3.24"
			},
			"engines": {
				"node": ">=6.0.0"
			}
		},
		"node_modules/@esbuild/aix-ppc64": {
			"version": "0.21.5",
			"resolved": "https://pkgs.dev.azure.com/bag-2020prj/_packaging/B2BLibraries/npm/registry/@esbuild/aix-ppc64/-/aix-ppc64-0.21.5.tgz",
			"integrity": "sha1-xxhKMmUz/N8bjuBzPiHHE7l1V18=",
			"cpu": [
				"ppc64"
			],
			"dev": true,
			"license": "MIT",
			"optional": true,
			"os": [
				"aix"
			],
			"engines": {
				"node": ">=12"
			}
		},
		"node_modules/@esbuild/android-arm": {
			"version": "0.21.5",
			"resolved": "https://pkgs.dev.azure.com/bag-2020prj/_packaging/B2BLibraries/npm/registry/@esbuild/android-arm/-/android-arm-0.21.5.tgz",
			"integrity": "sha1-mwQ4T7dxkm36bXrQQyTssqubLig=",
			"cpu": [
				"arm"
			],
			"dev": true,
			"license": "MIT",
			"optional": true,
			"os": [
				"android"
			],
			"engines": {
				"node": ">=12"
			}
		},
		"node_modules/@esbuild/android-arm64": {
			"version": "0.21.5",
			"resolved": "https://pkgs.dev.azure.com/bag-2020prj/_packaging/B2BLibraries/npm/registry/@esbuild/android-arm64/-/android-arm64-0.21.5.tgz",
			"integrity": "sha1-Cdm0NXeA2p6jp9+4M6Hx/0ObQFI=",
			"cpu": [
				"arm64"
			],
			"dev": true,
			"license": "MIT",
			"optional": true,
			"os": [
				"android"
			],
			"engines": {
				"node": ">=12"
			}
		},
		"node_modules/@esbuild/android-x64": {
			"version": "0.21.5",
			"resolved": "https://pkgs.dev.azure.com/bag-2020prj/_packaging/B2BLibraries/npm/registry/@esbuild/android-x64/-/android-x64-0.21.5.tgz",
			"integrity": "sha1-KZGOwtt1TO3LbBsE3ozWVHr2Rh4=",
			"cpu": [
				"x64"
			],
			"dev": true,
			"license": "MIT",
			"optional": true,
			"os": [
				"android"
			],
			"engines": {
				"node": ">=12"
			}
		},
		"node_modules/@esbuild/darwin-arm64": {
			"version": "0.21.5",
			"resolved": "https://pkgs.dev.azure.com/bag-2020prj/_packaging/B2BLibraries/npm/registry/@esbuild/darwin-arm64/-/darwin-arm64-0.21.5.tgz",
			"integrity": "sha1-5JW1OWYOUWkPOSivUKdvsKbM/yo=",
			"cpu": [
				"arm64"
			],
			"dev": true,
			"license": "MIT",
			"optional": true,
			"os": [
				"darwin"
			],
			"engines": {
				"node": ">=12"
			}
		},
		"node_modules/@esbuild/darwin-x64": {
			"version": "0.21.5",
			"resolved": "https://pkgs.dev.azure.com/bag-2020prj/_packaging/B2BLibraries/npm/registry/@esbuild/darwin-x64/-/darwin-x64-0.21.5.tgz",
			"integrity": "sha1-wTg4+lc3KDmr3dyR1xVCzuouHiI=",
			"cpu": [
				"x64"
			],
			"dev": true,
			"license": "MIT",
			"optional": true,
			"os": [
				"darwin"
			],
			"engines": {
				"node": ">=12"
			}
		},
		"node_modules/@esbuild/freebsd-arm64": {
			"version": "0.21.5",
			"resolved": "https://pkgs.dev.azure.com/bag-2020prj/_packaging/B2BLibraries/npm/registry/@esbuild/freebsd-arm64/-/freebsd-arm64-0.21.5.tgz",
			"integrity": "sha1-ZGuYmqIL+J/Qcd1dv61po1QuVQ4=",
			"cpu": [
				"arm64"
			],
			"dev": true,
			"license": "MIT",
			"optional": true,
			"os": [
				"freebsd"
			],
			"engines": {
				"node": ">=12"
			}
		},
		"node_modules/@esbuild/freebsd-x64": {
			"version": "0.21.5",
			"resolved": "https://pkgs.dev.azure.com/bag-2020prj/_packaging/B2BLibraries/npm/registry/@esbuild/freebsd-x64/-/freebsd-x64-0.21.5.tgz",
			"integrity": "sha1-qmFc/ICvlU00WJBuOMoiwYz1wmE=",
			"cpu": [
				"x64"
			],
			"dev": true,
			"license": "MIT",
			"optional": true,
			"os": [
				"freebsd"
			],
			"engines": {
				"node": ">=12"
			}
		},
		"node_modules/@esbuild/linux-arm": {
			"version": "0.21.5",
			"resolved": "https://pkgs.dev.azure.com/bag-2020prj/_packaging/B2BLibraries/npm/registry/@esbuild/linux-arm/-/linux-arm-0.21.5.tgz",
			"integrity": "sha1-/G/RGorKVsH284lPK+oEefj2Jrk=",
			"cpu": [
				"arm"
			],
			"dev": true,
			"license": "MIT",
			"optional": true,
			"os": [
				"linux"
			],
			"engines": {
				"node": ">=12"
			}
		},
		"node_modules/@esbuild/linux-arm64": {
			"version": "0.21.5",
			"resolved": "https://pkgs.dev.azure.com/bag-2020prj/_packaging/B2BLibraries/npm/registry/@esbuild/linux-arm64/-/linux-arm64-0.21.5.tgz",
			"integrity": "sha1-cKxvoU9ct+H3+Ie8/7aArQmSK1s=",
			"cpu": [
				"arm64"
			],
			"dev": true,
			"license": "MIT",
			"optional": true,
			"os": [
				"linux"
			],
			"engines": {
				"node": ">=12"
			}
		},
		"node_modules/@esbuild/linux-ia32": {
			"version": "0.21.5",
			"resolved": "https://pkgs.dev.azure.com/bag-2020prj/_packaging/B2BLibraries/npm/registry/@esbuild/linux-ia32/-/linux-ia32-0.21.5.tgz",
			"integrity": "sha1-MnH1Oz+T49CT1RjRZJ1taNNG7eI=",
			"cpu": [
				"ia32"
			],
			"dev": true,
			"license": "MIT",
			"optional": true,
			"os": [
				"linux"
			],
			"engines": {
				"node": ">=12"
			}
		},
		"node_modules/@esbuild/linux-loong64": {
			"version": "0.21.5",
			"resolved": "https://pkgs.dev.azure.com/bag-2020prj/_packaging/B2BLibraries/npm/registry/@esbuild/linux-loong64/-/linux-loong64-0.21.5.tgz",
			"integrity": "sha1-7WLgQjjFcCauqDHFoTC3PA+fJt8=",
			"cpu": [
				"loong64"
			],
			"dev": true,
			"license": "MIT",
			"optional": true,
			"os": [
				"linux"
			],
			"engines": {
				"node": ">=12"
			}
		},
		"node_modules/@esbuild/linux-mips64el": {
			"version": "0.21.5",
			"resolved": "https://pkgs.dev.azure.com/bag-2020prj/_packaging/B2BLibraries/npm/registry/@esbuild/linux-mips64el/-/linux-mips64el-0.21.5.tgz",
			"integrity": "sha1-55uOtIvzsQb63sGsgkD7l7TmTL4=",
			"cpu": [
				"mips64el"
			],
			"dev": true,
			"license": "MIT",
			"optional": true,
			"os": [
				"linux"
			],
			"engines": {
				"node": ">=12"
			}
		},
		"node_modules/@esbuild/linux-ppc64": {
			"version": "0.21.5",
			"resolved": "https://pkgs.dev.azure.com/bag-2020prj/_packaging/B2BLibraries/npm/registry/@esbuild/linux-ppc64/-/linux-ppc64-0.21.5.tgz",
			"integrity": "sha1-XyIDhgoUO5kZ04PvdXNSH7FUw+Q=",
			"cpu": [
				"ppc64"
			],
			"dev": true,
			"license": "MIT",
			"optional": true,
			"os": [
				"linux"
			],
			"engines": {
				"node": ">=12"
			}
		},
		"node_modules/@esbuild/linux-riscv64": {
			"version": "0.21.5",
			"resolved": "https://pkgs.dev.azure.com/bag-2020prj/_packaging/B2BLibraries/npm/registry/@esbuild/linux-riscv64/-/linux-riscv64-0.21.5.tgz",
			"integrity": "sha1-B7yv2ZMi1a9i9hjLnmqbf0u4Jdw=",
			"cpu": [
				"riscv64"
			],
			"dev": true,
			"license": "MIT",
			"optional": true,
			"os": [
				"linux"
			],
			"engines": {
				"node": ">=12"
			}
		},
		"node_modules/@esbuild/linux-s390x": {
			"version": "0.21.5",
			"resolved": "https://pkgs.dev.azure.com/bag-2020prj/_packaging/B2BLibraries/npm/registry/@esbuild/linux-s390x/-/linux-s390x-0.21.5.tgz",
			"integrity": "sha1-t8z2hnUdaj5EuGJ6uryL4+9i2N4=",
			"cpu": [
				"s390x"
			],
			"dev": true,
			"license": "MIT",
			"optional": true,
			"os": [
				"linux"
			],
			"engines": {
				"node": ">=12"
			}
		},
		"node_modules/@esbuild/linux-x64": {
			"version": "0.21.5",
			"resolved": "https://pkgs.dev.azure.com/bag-2020prj/_packaging/B2BLibraries/npm/registry/@esbuild/linux-x64/-/linux-x64-0.21.5.tgz",
			"integrity": "sha1-bY8Mdo4HDmQwmvgAS7lOaKsrs7A=",
			"cpu": [
				"x64"
			],
			"dev": true,
			"license": "MIT",
			"optional": true,
			"os": [
				"linux"
			],
			"engines": {
				"node": ">=12"
			}
		},
		"node_modules/@esbuild/netbsd-x64": {
			"version": "0.21.5",
			"resolved": "https://pkgs.dev.azure.com/bag-2020prj/_packaging/B2BLibraries/npm/registry/@esbuild/netbsd-x64/-/netbsd-x64-0.21.5.tgz",
			"integrity": "sha1-u+Qw9g03jsuI3sshnGAmZzh6YEc=",
			"cpu": [
				"x64"
			],
			"dev": true,
			"license": "MIT",
			"optional": true,
			"os": [
				"netbsd"
			],
			"engines": {
				"node": ">=12"
			}
		},
		"node_modules/@esbuild/openbsd-x64": {
			"version": "0.21.5",
			"resolved": "https://pkgs.dev.azure.com/bag-2020prj/_packaging/B2BLibraries/npm/registry/@esbuild/openbsd-x64/-/openbsd-x64-0.21.5.tgz",
			"integrity": "sha1-mdHPKTcnlWDSEEgh9czOIgyyr3A=",
			"cpu": [
				"x64"
			],
			"dev": true,
			"license": "MIT",
			"optional": true,
			"os": [
				"openbsd"
			],
			"engines": {
				"node": ">=12"
			}
		},
		"node_modules/@esbuild/sunos-x64": {
			"version": "0.21.5",
			"resolved": "https://pkgs.dev.azure.com/bag-2020prj/_packaging/B2BLibraries/npm/registry/@esbuild/sunos-x64/-/sunos-x64-0.21.5.tgz",
			"integrity": "sha1-CHQVEsENUpVmurqDe0/gUsjzSHs=",
			"cpu": [
				"x64"
			],
			"dev": true,
			"license": "MIT",
			"optional": true,
			"os": [
				"sunos"
			],
			"engines": {
				"node": ">=12"
			}
		},
		"node_modules/@esbuild/win32-arm64": {
			"version": "0.21.5",
			"resolved": "https://pkgs.dev.azure.com/bag-2020prj/_packaging/B2BLibraries/npm/registry/@esbuild/win32-arm64/-/win32-arm64-0.21.5.tgz",
			"integrity": "sha1-Z1tzhTmEESQHNQFhRKsumaYPx10=",
			"cpu": [
				"arm64"
			],
			"dev": true,
			"license": "MIT",
			"optional": true,
			"os": [
				"win32"
			],
			"engines": {
				"node": ">=12"
			}
		},
		"node_modules/@esbuild/win32-ia32": {
			"version": "0.21.5",
			"resolved": "https://pkgs.dev.azure.com/bag-2020prj/_packaging/B2BLibraries/npm/registry/@esbuild/win32-ia32/-/win32-ia32-0.21.5.tgz",
			"integrity": "sha1-G/w86YqmypoJaeTSr3IUTFnBGTs=",
			"cpu": [
				"ia32"
			],
			"dev": true,
			"license": "MIT",
			"optional": true,
			"os": [
				"win32"
			],
			"engines": {
				"node": ">=12"
			}
		},
		"node_modules/@esbuild/win32-x64": {
			"version": "0.21.5",
			"resolved": "https://pkgs.dev.azure.com/bag-2020prj/_packaging/B2BLibraries/npm/registry/@esbuild/win32-x64/-/win32-x64-0.21.5.tgz",
			"integrity": "sha1-rK01HVgtFXuxRVNdsqb/U91RS1w=",
			"cpu": [
				"x64"
			],
			"dev": true,
			"license": "MIT",
			"optional": true,
			"os": [
				"win32"
			],
			"engines": {
				"node": ">=12"
			}
		},
		"node_modules/@fontsource/fira-mono": {
			"version": "5.1.0",
			"resolved": "https://pkgs.dev.azure.com/bag-2020prj/_packaging/B2BLibraries/npm/registry/@fontsource/fira-mono/-/fira-mono-5.1.0.tgz",
			"integrity": "sha1-KsDI97+Rf7vK5rHoAkIxWrHn4FQ=",
			"dev": true,
			"license": "OFL-1.1"
		},
		"node_modules/@jridgewell/gen-mapping": {
			"version": "0.3.5",
			"resolved": "https://pkgs.dev.azure.com/bag-2020prj/_packaging/B2BLibraries/npm/registry/@jridgewell/gen-mapping/-/gen-mapping-0.3.5.tgz",
			"integrity": "sha1-3M5q/3S99trRqVgCtpsEovyx+zY=",
			"dev": true,
			"license": "MIT",
			"dependencies": {
				"@jridgewell/set-array": "^1.2.1",
				"@jridgewell/sourcemap-codec": "^1.4.10",
				"@jridgewell/trace-mapping": "^0.3.24"
			},
			"engines": {
				"node": ">=6.0.0"
			}
		},
		"node_modules/@jridgewell/resolve-uri": {
			"version": "3.1.2",
			"resolved": "https://pkgs.dev.azure.com/bag-2020prj/_packaging/B2BLibraries/npm/registry/@jridgewell/resolve-uri/-/resolve-uri-3.1.2.tgz",
			"integrity": "sha1-eg7mAfYPmaIMfHxf8MgDiMEYm9Y=",
			"dev": true,
			"license": "MIT",
			"engines": {
				"node": ">=6.0.0"
			}
		},
		"node_modules/@jridgewell/set-array": {
			"version": "1.2.1",
			"resolved": "https://pkgs.dev.azure.com/bag-2020prj/_packaging/B2BLibraries/npm/registry/@jridgewell/set-array/-/set-array-1.2.1.tgz",
			"integrity": "sha1-VY+2Ry7RakyFC4iVMOazZDjEkoA=",
			"dev": true,
			"license": "MIT",
			"engines": {
				"node": ">=6.0.0"
			}
		},
		"node_modules/@jridgewell/sourcemap-codec": {
			"version": "1.5.0",
			"resolved": "https://pkgs.dev.azure.com/bag-2020prj/_packaging/B2BLibraries/npm/registry/@jridgewell/sourcemap-codec/-/sourcemap-codec-1.5.0.tgz",
			"integrity": "sha1-MYi8snOkFLDSFf0ipYVAuYm5QJo=",
			"dev": true,
			"license": "MIT"
		},
		"node_modules/@jridgewell/trace-mapping": {
			"version": "0.3.25",
			"resolved": "https://pkgs.dev.azure.com/bag-2020prj/_packaging/B2BLibraries/npm/registry/@jridgewell/trace-mapping/-/trace-mapping-0.3.25.tgz",
			"integrity": "sha1-FfGQ6YiV8/wjJ27hS8drZ1wuUPA=",
			"dev": true,
			"license": "MIT",
			"dependencies": {
				"@jridgewell/resolve-uri": "^3.1.0",
				"@jridgewell/sourcemap-codec": "^1.4.14"
			}
		},
		"node_modules/@neoconfetti/svelte": {
			"version": "2.2.1",
			"resolved": "https://pkgs.dev.azure.com/bag-2020prj/_packaging/B2BLibraries/npm/registry/@neoconfetti/svelte/-/svelte-2.2.1.tgz",
			"integrity": "sha1-rEwyKtDX2JBBpfq/Q08VDYG2VlM=",
			"dev": true,
			"license": "MIT"
		},
		"node_modules/@polka/url": {
			"version": "1.0.0-next.28",
			"resolved": "https://pkgs.dev.azure.com/bag-2020prj/_packaging/B2BLibraries/npm/registry/@polka/url/-/url-1.0.0-next.28.tgz",
			"integrity": "sha1-1F4BxKVvFD7mnFTdaxLq3p4nCnM=",
			"dev": true,
			"license": "MIT"
		},
		"node_modules/@rollup/rollup-android-arm-eabi": {
			"version": "4.22.5",
			"resolved": "https://pkgs.dev.azure.com/bag-2020prj/_packaging/B2BLibraries/npm/registry/@rollup/rollup-android-arm-eabi/-/rollup-android-arm-eabi-4.22.5.tgz",
			"integrity": "sha1-4PU1CEUJDKCWkP5KRycX87iq4iU=",
			"cpu": [
				"arm"
			],
			"dev": true,
			"license": "MIT",
			"optional": true,
			"os": [
				"android"
			]
		},
		"node_modules/@rollup/rollup-android-arm64": {
			"version": "4.22.5",
			"resolved": "https://pkgs.dev.azure.com/bag-2020prj/_packaging/B2BLibraries/npm/registry/@rollup/rollup-android-arm64/-/rollup-android-arm64-4.22.5.tgz",
			"integrity": "sha1-CCcPrvZ0ficW0+l4qLv0efdfsZo=",
			"cpu": [
				"arm64"
			],
			"dev": true,
			"license": "MIT",
			"optional": true,
			"os": [
				"android"
			]
		},
		"node_modules/@rollup/rollup-darwin-arm64": {
			"version": "4.22.5",
			"resolved": "https://pkgs.dev.azure.com/bag-2020prj/_packaging/B2BLibraries/npm/registry/@rollup/rollup-darwin-arm64/-/rollup-darwin-arm64-4.22.5.tgz",
			"integrity": "sha1-aRZxEzs1BmEyjULI297dVt+5ff0=",
			"cpu": [
				"arm64"
			],
			"dev": true,
			"license": "MIT",
			"optional": true,
			"os": [
				"darwin"
			]
		},
		"node_modules/@rollup/rollup-darwin-x64": {
			"version": "4.22.5",
			"resolved": "https://pkgs.dev.azure.com/bag-2020prj/_packaging/B2BLibraries/npm/registry/@rollup/rollup-darwin-x64/-/rollup-darwin-x64-4.22.5.tgz",
			"integrity": "sha1-suxSoWFfJLHNQLyJBq4xr4Hoo0I=",
			"cpu": [
				"x64"
			],
			"dev": true,
			"license": "MIT",
			"optional": true,
			"os": [
				"darwin"
			]
		},
		"node_modules/@rollup/rollup-linux-arm-gnueabihf": {
			"version": "4.22.5",
			"resolved": "https://pkgs.dev.azure.com/bag-2020prj/_packaging/B2BLibraries/npm/registry/@rollup/rollup-linux-arm-gnueabihf/-/rollup-linux-arm-gnueabihf-4.22.5.tgz",
			"integrity": "sha1-IX8B8wSAiSBoC9JpAC3zjiXZIF8=",
			"cpu": [
				"arm"
			],
			"dev": true,
			"license": "MIT",
			"optional": true,
			"os": [
				"linux"
			]
		},
		"node_modules/@rollup/rollup-linux-arm-musleabihf": {
			"version": "4.22.5",
			"resolved": "https://pkgs.dev.azure.com/bag-2020prj/_packaging/B2BLibraries/npm/registry/@rollup/rollup-linux-arm-musleabihf/-/rollup-linux-arm-musleabihf-4.22.5.tgz",
			"integrity": "sha1-k6wcWh44n0SCou2u7EH8/+5UqTA=",
			"cpu": [
				"arm"
			],
			"dev": true,
			"license": "MIT",
			"optional": true,
			"os": [
				"linux"
			]
		},
		"node_modules/@rollup/rollup-linux-arm64-gnu": {
			"version": "4.22.5",
			"resolved": "https://pkgs.dev.azure.com/bag-2020prj/_packaging/B2BLibraries/npm/registry/@rollup/rollup-linux-arm64-gnu/-/rollup-linux-arm64-gnu-4.22.5.tgz",
			"integrity": "sha1-p/FGeH1gQf7MTs3xqnIjRmHKlKQ=",
			"cpu": [
				"arm64"
			],
			"dev": true,
			"license": "MIT",
			"optional": true,
			"os": [
				"linux"
			]
		},
		"node_modules/@rollup/rollup-linux-arm64-musl": {
			"version": "4.22.5",
			"resolved": "https://pkgs.dev.azure.com/bag-2020prj/_packaging/B2BLibraries/npm/registry/@rollup/rollup-linux-arm64-musl/-/rollup-linux-arm64-musl-4.22.5.tgz",
			"integrity": "sha1-ajcjYYlkjmeL1WTW6Mp5j0LPQsU=",
			"cpu": [
				"arm64"
			],
			"dev": true,
			"license": "MIT",
			"optional": true,
			"os": [
				"linux"
			]
		},
		"node_modules/@rollup/rollup-linux-powerpc64le-gnu": {
			"version": "4.22.5",
			"resolved": "https://pkgs.dev.azure.com/bag-2020prj/_packaging/B2BLibraries/npm/registry/@rollup/rollup-linux-powerpc64le-gnu/-/rollup-linux-powerpc64le-gnu-4.22.5.tgz",
			"integrity": "sha1-VmFCDcRjvsMeyy0X0RPehYz8/i0=",
			"cpu": [
				"ppc64"
			],
			"dev": true,
			"license": "MIT",
			"optional": true,
			"os": [
				"linux"
			]
		},
		"node_modules/@rollup/rollup-linux-riscv64-gnu": {
			"version": "4.22.5",
			"resolved": "https://pkgs.dev.azure.com/bag-2020prj/_packaging/B2BLibraries/npm/registry/@rollup/rollup-linux-riscv64-gnu/-/rollup-linux-riscv64-gnu-4.22.5.tgz",
			"integrity": "sha1-ywA0K3Qyve9yOqYGKB3i9SLW3Pc=",
			"cpu": [
				"riscv64"
			],
			"dev": true,
			"license": "MIT",
			"optional": true,
			"os": [
				"linux"
			]
		},
		"node_modules/@rollup/rollup-linux-s390x-gnu": {
			"version": "4.22.5",
			"resolved": "https://pkgs.dev.azure.com/bag-2020prj/_packaging/B2BLibraries/npm/registry/@rollup/rollup-linux-s390x-gnu/-/rollup-linux-s390x-gnu-4.22.5.tgz",
			"integrity": "sha1-BwiIlnTczszNKOK+/M95Hgdn/Lc=",
			"cpu": [
				"s390x"
			],
			"dev": true,
			"license": "MIT",
			"optional": true,
			"os": [
				"linux"
			]
		},
		"node_modules/@rollup/rollup-linux-x64-gnu": {
			"version": "4.22.5",
			"resolved": "https://pkgs.dev.azure.com/bag-2020prj/_packaging/B2BLibraries/npm/registry/@rollup/rollup-linux-x64-gnu/-/rollup-linux-x64-gnu-4.22.5.tgz",
			"integrity": "sha1-oTWwQLIVgukc/tImfM/H1Ynh28Y=",
			"cpu": [
				"x64"
			],
			"dev": true,
			"license": "MIT",
			"optional": true,
			"os": [
				"linux"
			]
		},
		"node_modules/@rollup/rollup-linux-x64-musl": {
			"version": "4.22.5",
			"resolved": "https://pkgs.dev.azure.com/bag-2020prj/_packaging/B2BLibraries/npm/registry/@rollup/rollup-linux-x64-musl/-/rollup-linux-x64-musl-4.22.5.tgz",
			"integrity": "sha1-iDlagaOrfuPcjcMac/9i7TGF800=",
			"cpu": [
				"x64"
			],
			"dev": true,
			"license": "MIT",
			"optional": true,
			"os": [
				"linux"
			]
		},
		"node_modules/@rollup/rollup-win32-arm64-msvc": {
			"version": "4.22.5",
			"resolved": "https://pkgs.dev.azure.com/bag-2020prj/_packaging/B2BLibraries/npm/registry/@rollup/rollup-win32-arm64-msvc/-/rollup-win32-arm64-msvc-4.22.5.tgz",
			"integrity": "sha1-Eu5JIzsRJfLB2jg5L2Ox27DDG7o=",
			"cpu": [
				"arm64"
			],
			"dev": true,
			"license": "MIT",
			"optional": true,
			"os": [
				"win32"
			]
		},
		"node_modules/@rollup/rollup-win32-ia32-msvc": {
			"version": "4.22.5",
			"resolved": "https://pkgs.dev.azure.com/bag-2020prj/_packaging/B2BLibraries/npm/registry/@rollup/rollup-win32-ia32-msvc/-/rollup-win32-ia32-msvc-4.22.5.tgz",
			"integrity": "sha1-D5h7E0xrMSPCKEKzO6DCtvt4zDs=",
			"cpu": [
				"ia32"
			],
			"dev": true,
			"license": "MIT",
			"optional": true,
			"os": [
				"win32"
			]
		},
		"node_modules/@rollup/rollup-win32-x64-msvc": {
			"version": "4.22.5",
			"resolved": "https://pkgs.dev.azure.com/bag-2020prj/_packaging/B2BLibraries/npm/registry/@rollup/rollup-win32-x64-msvc/-/rollup-win32-x64-msvc-4.22.5.tgz",
			"integrity": "sha1-8v6xSSNaXcHetUOXWPiHElXloWE=",
			"cpu": [
				"x64"
			],
			"dev": true,
			"license": "MIT",
			"optional": true,
			"os": [
				"win32"
			]
		},
		"node_modules/@sveltejs/adapter-auto": {
			"version": "3.2.5",
			"resolved": "https://pkgs.dev.azure.com/bag-2020prj/_packaging/B2BLibraries/npm/registry/@sveltejs/adapter-auto/-/adapter-auto-3.2.5.tgz",
			"integrity": "sha1-sCR8luy2Z2mqw/4v/nh6aMiAX2I=",
			"dev": true,
			"license": "MIT",
			"dependencies": {
				"import-meta-resolve": "^4.1.0"
			},
			"peerDependencies": {
				"@sveltejs/kit": "^2.0.0"
			}
		},
		"node_modules/@sveltejs/kit": {
			"version": "2.6.1",
			"resolved": "https://pkgs.dev.azure.com/bag-2020prj/_packaging/B2BLibraries/npm/registry/@sveltejs/kit/-/kit-2.6.1.tgz",
			"integrity": "sha1-dREDL2etzJcrSlsMavIAov0Z1i4=",
			"dev": true,
			"hasInstallScript": true,
			"license": "MIT",
			"dependencies": {
				"@types/cookie": "^0.6.0",
				"cookie": "^0.6.0",
				"devalue": "^5.1.0",
				"esm-env": "^1.0.0",
				"import-meta-resolve": "^4.1.0",
				"kleur": "^4.1.5",
				"magic-string": "^0.30.5",
				"mrmime": "^2.0.0",
				"sade": "^1.8.1",
				"set-cookie-parser": "^2.6.0",
				"sirv": "^2.0.4",
				"tiny-glob": "^0.2.9"
			},
			"bin": {
				"svelte-kit": "svelte-kit.js"
			},
			"engines": {
				"node": ">=18.13"
			},
			"peerDependencies": {
				"@sveltejs/vite-plugin-svelte": "^3.0.0 || ^4.0.0-next.1",
				"svelte": "^4.0.0 || ^5.0.0-next.0",
				"vite": "^5.0.3"
			}
		},
		"node_modules/@sveltejs/vite-plugin-svelte": {
			"version": "3.1.2",
			"resolved": "https://pkgs.dev.azure.com/bag-2020prj/_packaging/B2BLibraries/npm/registry/@sveltejs/vite-plugin-svelte/-/vite-plugin-svelte-3.1.2.tgz",
			"integrity": "sha1-vjEgtS5tn6y1XVg5Kw2tnlo1um8=",
			"dev": true,
			"license": "MIT",
			"dependencies": {
				"@sveltejs/vite-plugin-svelte-inspector": "^2.1.0",
				"debug": "^4.3.4",
				"deepmerge": "^4.3.1",
				"kleur": "^4.1.5",
				"magic-string": "^0.30.10",
				"svelte-hmr": "^0.16.0",
				"vitefu": "^0.2.5"
			},
			"engines": {
				"node": "^18.0.0 || >=20"
			},
			"peerDependencies": {
				"svelte": "^4.0.0 || ^5.0.0-next.0",
				"vite": "^5.0.0"
			}
		},
		"node_modules/@sveltejs/vite-plugin-svelte-inspector": {
			"version": "2.1.0",
			"resolved": "https://pkgs.dev.azure.com/bag-2020prj/_packaging/B2BLibraries/npm/registry/@sveltejs/vite-plugin-svelte-inspector/-/vite-plugin-svelte-inspector-2.1.0.tgz",
			"integrity": "sha1-EWuitzvkPB19k950nze+zH5Fu4w=",
			"dev": true,
			"license": "MIT",
			"dependencies": {
				"debug": "^4.3.4"
			},
			"engines": {
				"node": "^18.0.0 || >=20"
			},
			"peerDependencies": {
				"@sveltejs/vite-plugin-svelte": "^3.0.0",
				"svelte": "^4.0.0 || ^5.0.0-next.0",
				"vite": "^5.0.0"
			}
		},
		"node_modules/@types/cookie": {
			"version": "0.6.0",
			"resolved": "https://pkgs.dev.azure.com/bag-2020prj/_packaging/B2BLibraries/npm/registry/@types/cookie/-/cookie-0.6.0.tgz",
			"integrity": "sha1-6sOX8ovx1q4K4IE2PsovQlvt8NU=",
			"dev": true,
			"license": "MIT"
		},
		"node_modules/@types/estree": {
			"version": "1.0.6",
			"resolved": "https://pkgs.dev.azure.com/bag-2020prj/_packaging/B2BLibraries/npm/registry/@types/estree/-/estree-1.0.6.tgz",
			"integrity": "sha1-Yo7/7q4gZKG055946B2Ht+X8e1A=",
			"dev": true,
			"license": "MIT"
		},
		"node_modules/acorn": {
			"version": "8.12.1",
			"resolved": "https://pkgs.dev.azure.com/bag-2020prj/_packaging/B2BLibraries/npm/registry/acorn/-/acorn-8.12.1.tgz",
			"integrity": "sha1-cWFr3MviXielRDngBG6JynbfIkg=",
			"dev": true,
			"license": "MIT",
			"bin": {
				"acorn": "bin/acorn"
			},
			"engines": {
				"node": ">=0.4.0"
			}
		},
		"node_modules/aria-query": {
			"version": "5.3.2",
			"resolved": "https://pkgs.dev.azure.com/bag-2020prj/_packaging/B2BLibraries/npm/registry/aria-query/-/aria-query-5.3.2.tgz",
			"integrity": "sha1-k/gaQ0gOM6M48ZFjo9EKUMAdzVk=",
			"dev": true,
			"license": "Apache-2.0",
			"engines": {
				"node": ">= 0.4"
			}
		},
		"node_modules/axobject-query": {
			"version": "4.1.0",
			"resolved": "https://pkgs.dev.azure.com/bag-2020prj/_packaging/B2BLibraries/npm/registry/axobject-query/-/axobject-query-4.1.0.tgz",
			"integrity": "sha1-KHaMdtDjz/IbxiqeLQtqwwBCoe4=",
			"dev": true,
			"license": "Apache-2.0",
			"engines": {
				"node": ">= 0.4"
			}
		},
		"node_modules/chokidar": {
			"version": "4.0.1",
			"resolved": "https://pkgs.dev.azure.com/bag-2020prj/_packaging/B2BLibraries/npm/registry/chokidar/-/chokidar-4.0.1.tgz",
			"integrity": "sha1-Sm3/ZnmPsPcqlPYWq71+GhnzHUE=",
			"dev": true,
			"license": "MIT",
			"dependencies": {
				"readdirp": "^4.0.1"
			},
			"engines": {
				"node": ">= 14.16.0"
			},
			"funding": {
				"url": "https://paulmillr.com/funding/"
			}
		},
		"node_modules/code-red": {
			"version": "1.0.4",
			"resolved": "https://pkgs.dev.azure.com/bag-2020prj/_packaging/B2BLibraries/npm/registry/code-red/-/code-red-1.0.4.tgz",
			"integrity": "sha1-WbpcnR0yCk73lbwQoovUK/6+PjU=",
			"dev": true,
			"license": "MIT",
			"dependencies": {
				"@jridgewell/sourcemap-codec": "^1.4.15",
				"@types/estree": "^1.0.1",
				"acorn": "^8.10.0",
				"estree-walker": "^3.0.3",
				"periscopic": "^3.1.0"
			}
		},
		"node_modules/cookie": {
			"version": "0.6.0",
			"resolved": "https://pkgs.dev.azure.com/bag-2020prj/_packaging/B2BLibraries/npm/registry/cookie/-/cookie-0.6.0.tgz",
			"integrity": "sha1-J5iwSwcbDsv/DbtipQWo76ThkFE=",
			"dev": true,
			"license": "MIT",
			"engines": {
				"node": ">= 0.6"
			}
		},
		"node_modules/css-tree": {
			"version": "2.3.1",
			"resolved": "https://pkgs.dev.azure.com/bag-2020prj/_packaging/B2BLibraries/npm/registry/css-tree/-/css-tree-2.3.1.tgz",
			"integrity": "sha1-ECZM4eVELoVy/IL75JBkT/VLXCA=",
			"dev": true,
			"license": "MIT",
			"dependencies": {
				"mdn-data": "2.0.30",
				"source-map-js": "^1.0.1"
			},
			"engines": {
				"node": "^10 || ^12.20.0 || ^14.13.0 || >=15.0.0"
			}
		},
		"node_modules/debug": {
			"version": "4.3.7",
			"resolved": "https://pkgs.dev.azure.com/bag-2020prj/_packaging/B2BLibraries/npm/registry/debug/-/debug-4.3.7.tgz",
			"integrity": "sha1-h5RbQVGgEddtlaGY1xEchlw2ClI=",
			"dev": true,
			"license": "MIT",
			"dependencies": {
				"ms": "^2.1.3"
			},
			"engines": {
				"node": ">=6.0"
			},
			"peerDependenciesMeta": {
				"supports-color": {
					"optional": true
				}
			}
		},
		"node_modules/deepmerge": {
			"version": "4.3.1",
			"resolved": "https://pkgs.dev.azure.com/bag-2020prj/_packaging/B2BLibraries/npm/registry/deepmerge/-/deepmerge-4.3.1.tgz",
			"integrity": "sha1-RLXyFHzTsA1LVhN2hZZvJv0l3Uo=",
			"dev": true,
			"license": "MIT",
			"engines": {
				"node": ">=0.10.0"
			}
		},
		"node_modules/devalue": {
			"version": "5.1.1",
			"resolved": "https://pkgs.dev.azure.com/bag-2020prj/_packaging/B2BLibraries/npm/registry/devalue/-/devalue-5.1.1.tgz",
			"integrity": "sha1-pxiHrA81RlKFF1JlTkvUNaU4ka4=",
			"dev": true,
			"license": "MIT"
		},
		"node_modules/esbuild": {
			"version": "0.21.5",
			"resolved": "https://pkgs.dev.azure.com/bag-2020prj/_packaging/B2BLibraries/npm/registry/esbuild/-/esbuild-0.21.5.tgz",
			"integrity": "sha1-nKMBsSCSKVm3ZjYNisgw2g0CmX0=",
			"dev": true,
			"hasInstallScript": true,
			"license": "MIT",
			"bin": {
				"esbuild": "bin/esbuild"
			},
			"engines": {
				"node": ">=12"
			},
			"optionalDependencies": {
				"@esbuild/aix-ppc64": "0.21.5",
				"@esbuild/android-arm": "0.21.5",
				"@esbuild/android-arm64": "0.21.5",
				"@esbuild/android-x64": "0.21.5",
				"@esbuild/darwin-arm64": "0.21.5",
				"@esbuild/darwin-x64": "0.21.5",
				"@esbuild/freebsd-arm64": "0.21.5",
				"@esbuild/freebsd-x64": "0.21.5",
				"@esbuild/linux-arm": "0.21.5",
				"@esbuild/linux-arm64": "0.21.5",
				"@esbuild/linux-ia32": "0.21.5",
				"@esbuild/linux-loong64": "0.21.5",
				"@esbuild/linux-mips64el": "0.21.5",
				"@esbuild/linux-ppc64": "0.21.5",
				"@esbuild/linux-riscv64": "0.21.5",
				"@esbuild/linux-s390x": "0.21.5",
				"@esbuild/linux-x64": "0.21.5",
				"@esbuild/netbsd-x64": "0.21.5",
				"@esbuild/openbsd-x64": "0.21.5",
				"@esbuild/sunos-x64": "0.21.5",
				"@esbuild/win32-arm64": "0.21.5",
				"@esbuild/win32-ia32": "0.21.5",
				"@esbuild/win32-x64": "0.21.5"
			}
		},
		"node_modules/esm-env": {
			"version": "1.0.0",
			"resolved": "https://pkgs.dev.azure.com/bag-2020prj/_packaging/B2BLibraries/npm/registry/esm-env/-/esm-env-1.0.0.tgz",
			"integrity": "sha1-sSS0CxgHEWkKTLmwDRZXM5GVBBM=",
			"dev": true,
			"license": "MIT"
		},
		"node_modules/estree-walker": {
			"version": "3.0.3",
			"resolved": "https://pkgs.dev.azure.com/bag-2020prj/_packaging/B2BLibraries/npm/registry/estree-walker/-/estree-walker-3.0.3.tgz",
			"integrity": "sha1-Z8PlSexAKkh7T8GT0ZU6UkdSNA0=",
			"dev": true,
			"license": "MIT",
			"dependencies": {
				"@types/estree": "^1.0.0"
			}
		},
		"node_modules/fdir": {
			"version": "6.4.0",
			"resolved": "https://pkgs.dev.azure.com/bag-2020prj/_packaging/B2BLibraries/npm/registry/fdir/-/fdir-6.4.0.tgz",
			"integrity": "sha1-joCrSxiirCS+6/nSDXHhvCYn264=",
			"dev": true,
			"license": "MIT",
			"peerDependencies": {
				"picomatch": "^3 || ^4"
			},
			"peerDependenciesMeta": {
				"picomatch": {
					"optional": true
				}
			}
		},
		"node_modules/fsevents": {
			"version": "2.3.3",
			"resolved": "https://pkgs.dev.azure.com/bag-2020prj/_packaging/B2BLibraries/npm/registry/fsevents/-/fsevents-2.3.3.tgz",
			"integrity": "sha1-ysZAd4XQNnWipeGlMFxpezR9kNY=",
			"dev": true,
			"license": "MIT",
			"optional": true,
			"os": [
				"darwin"
			],
			"engines": {
				"node": "^8.16.0 || ^10.6.0 || >=11.0.0"
			}
		},
		"node_modules/globalyzer": {
			"version": "0.1.0",
			"resolved": "https://pkgs.dev.azure.com/bag-2020prj/_packaging/B2BLibraries/npm/registry/globalyzer/-/globalyzer-0.1.0.tgz",
			"integrity": "sha1-y3baeVVWaaFRnVqO3wk6+qC/FGU=",
			"dev": true,
			"license": "MIT"
		},
		"node_modules/globrex": {
			"version": "0.1.2",
			"resolved": "https://pkgs.dev.azure.com/bag-2020prj/_packaging/B2BLibraries/npm/registry/globrex/-/globrex-0.1.2.tgz",
			"integrity": "sha1-3V2eyCYjJzDNZ5Ol4zqTApheYJg=",
			"dev": true,
			"license": "MIT"
		},
		"node_modules/import-meta-resolve": {
			"version": "4.1.0",
			"resolved": "https://pkgs.dev.azure.com/bag-2020prj/_packaging/B2BLibraries/npm/registry/import-meta-resolve/-/import-meta-resolve-4.1.0.tgz",
			"integrity": "sha1-+duL6tn6+mGtuBHbd6K/IsU5lwY=",
			"dev": true,
			"license": "MIT",
			"funding": {
				"type": "github",
				"url": "https://github.com/sponsors/wooorm"
			}
		},
		"node_modules/is-reference": {
			"version": "3.0.2",
			"resolved": "https://pkgs.dev.azure.com/bag-2020prj/_packaging/B2BLibraries/npm/registry/is-reference/-/is-reference-3.0.2.tgz",
			"integrity": "sha1-FUdHoB9FzZYkBO6J1Dg3ryy6JHw=",
			"dev": true,
			"license": "MIT",
			"dependencies": {
				"@types/estree": "*"
			}
		},
		"node_modules/kleur": {
			"version": "4.1.5",
			"resolved": "https://pkgs.dev.azure.com/bag-2020prj/_packaging/B2BLibraries/npm/registry/kleur/-/kleur-4.1.5.tgz",
			"integrity": "sha1-lRBhAXlfcFDGxlDzUMaD/r3bF4A=",
			"dev": true,
			"license": "MIT",
			"engines": {
				"node": ">=6"
			}
		},
		"node_modules/locate-character": {
			"version": "3.0.0",
			"resolved": "https://pkgs.dev.azure.com/bag-2020prj/_packaging/B2BLibraries/npm/registry/locate-character/-/locate-character-3.0.0.tgz",
			"integrity": "sha1-AwXFuHRPYQKO9dAfREAJ4Ad5+XQ=",
			"dev": true,
			"license": "MIT"
		},
		"node_modules/magic-string": {
			"version": "0.30.11",
			"resolved": "https://pkgs.dev.azure.com/bag-2020prj/_packaging/B2BLibraries/npm/registry/magic-string/-/magic-string-0.30.11.tgz",
			"integrity": "sha1-MBpvk7PowssTrBp6ZzSSwN/RKVQ=",
			"dev": true,
			"license": "MIT",
			"dependencies": {
				"@jridgewell/sourcemap-codec": "^1.5.0"
			}
		},
		"node_modules/mdn-data": {
			"version": "2.0.30",
			"resolved": "https://pkgs.dev.azure.com/bag-2020prj/_packaging/B2BLibraries/npm/registry/mdn-data/-/mdn-data-2.0.30.tgz",
			"integrity": "sha1-zk32+Ar2z74hjs1cVSuhPE36CMw=",
			"dev": true,
			"license": "CC0-1.0"
		},
		"node_modules/mri": {
			"version": "1.2.0",
			"resolved": "https://pkgs.dev.azure.com/bag-2020prj/_packaging/B2BLibraries/npm/registry/mri/-/mri-1.2.0.tgz",
			"integrity": "sha1-ZyFID+wqEaSImGERWki2y+fMjws=",
			"dev": true,
			"license": "MIT",
			"engines": {
				"node": ">=4"
			}
		},
		"node_modules/mrmime": {
			"version": "2.0.0",
			"resolved": "https://pkgs.dev.azure.com/bag-2020prj/_packaging/B2BLibraries/npm/registry/mrmime/-/mrmime-2.0.0.tgz",
			"integrity": "sha1-FRCCpuBuWamjm0az4U1c/pKzq7Q=",
			"dev": true,
			"license": "MIT",
			"engines": {
				"node": ">=10"
			}
		},
		"node_modules/ms": {
			"version": "2.1.3",
			"resolved": "https://pkgs.dev.azure.com/bag-2020prj/_packaging/B2BLibraries/npm/registry/ms/-/ms-2.1.3.tgz",
			"integrity": "sha1-V0yBOM4dK1hh8LRFedut1gxmFbI=",
			"dev": true,
			"license": "MIT"
		},
		"node_modules/nanoid": {
			"version": "3.3.7",
			"resolved": "https://pkgs.dev.azure.com/bag-2020prj/_packaging/B2BLibraries/npm/registry/nanoid/-/nanoid-3.3.7.tgz",
			"integrity": "sha1-0MMBppG8jVTvoKIibM8/4v1la9g=",
			"dev": true,
			"funding": [
				{
					"type": "github",
					"url": "https://github.com/sponsors/ai"
				}
			],
			"license": "MIT",
			"bin": {
				"nanoid": "bin/nanoid.cjs"
			},
			"engines": {
				"node": "^10 || ^12 || ^13.7 || ^14 || >=15.0.1"
			}
		},
		"node_modules/periscopic": {
			"version": "3.1.0",
			"resolved": "https://pkgs.dev.azure.com/bag-2020prj/_packaging/B2BLibraries/npm/registry/periscopic/-/periscopic-3.1.0.tgz",
			"integrity": "sha1-fpA3v1HFhVvTO0iSiCjbSvp52Xo=",
			"dev": true,
			"license": "MIT",
			"dependencies": {
				"@types/estree": "^1.0.0",
				"estree-walker": "^3.0.0",
				"is-reference": "^3.0.0"
			}
		},
		"node_modules/picocolors": {
			"version": "1.1.0",
			"resolved": "https://pkgs.dev.azure.com/bag-2020prj/_packaging/B2BLibraries/npm/registry/picocolors/-/picocolors-1.1.0.tgz",
			"integrity": "sha1-U1i3anjN5IO6XO9qnclnFECyfVk=",
			"dev": true,
			"license": "ISC"
		},
		"node_modules/postcss": {
			"version": "8.4.47",
			"resolved": "https://pkgs.dev.azure.com/bag-2020prj/_packaging/B2BLibraries/npm/registry/postcss/-/postcss-8.4.47.tgz",
			"integrity": "sha1-W/bJoBDz5yTFA78D73lH3LD+o2U=",
			"dev": true,
			"funding": [
				{
					"type": "opencollective",
					"url": "https://opencollective.com/postcss/"
				},
				{
					"type": "tidelift",
					"url": "https://tidelift.com/funding/github/npm/postcss"
				},
				{
					"type": "github",
					"url": "https://github.com/sponsors/ai"
				}
			],
			"license": "MIT",
			"dependencies": {
				"nanoid": "^3.3.7",
				"picocolors": "^1.1.0",
				"source-map-js": "^1.2.1"
			},
			"engines": {
				"node": "^10 || ^12 || >=14"
			}
		},
		"node_modules/readdirp": {
			"version": "4.0.1",
			"resolved": "https://pkgs.dev.azure.com/bag-2020prj/_packaging/B2BLibraries/npm/registry/readdirp/-/readdirp-4.0.1.tgz",
			"integrity": "sha1-sv41+NymMYPNO4aIPsyPcg6pauY=",
			"dev": true,
			"license": "MIT",
			"engines": {
				"node": ">= 14.16.0"
			},
			"funding": {
				"type": "individual",
				"url": "https://paulmillr.com/funding/"
			}
		},
		"node_modules/rollup": {
			"version": "4.22.5",
			"resolved": "https://pkgs.dev.azure.com/bag-2020prj/_packaging/B2BLibraries/npm/registry/rollup/-/rollup-4.22.5.tgz",
			"integrity": "sha1-1RCMxHAklBflBJJFYlOITRn11A8=",
			"dev": true,
			"license": "MIT",
			"dependencies": {
				"@types/estree": "1.0.6"
			},
			"bin": {
				"rollup": "dist/bin/rollup"
			},
			"engines": {
				"node": ">=18.0.0",
				"npm": ">=8.0.0"
			},
			"optionalDependencies": {
				"@rollup/rollup-android-arm-eabi": "4.22.5",
				"@rollup/rollup-android-arm64": "4.22.5",
				"@rollup/rollup-darwin-arm64": "4.22.5",
				"@rollup/rollup-darwin-x64": "4.22.5",
				"@rollup/rollup-linux-arm-gnueabihf": "4.22.5",
				"@rollup/rollup-linux-arm-musleabihf": "4.22.5",
				"@rollup/rollup-linux-arm64-gnu": "4.22.5",
				"@rollup/rollup-linux-arm64-musl": "4.22.5",
				"@rollup/rollup-linux-powerpc64le-gnu": "4.22.5",
				"@rollup/rollup-linux-riscv64-gnu": "4.22.5",
				"@rollup/rollup-linux-s390x-gnu": "4.22.5",
				"@rollup/rollup-linux-x64-gnu": "4.22.5",
				"@rollup/rollup-linux-x64-musl": "4.22.5",
				"@rollup/rollup-win32-arm64-msvc": "4.22.5",
				"@rollup/rollup-win32-ia32-msvc": "4.22.5",
				"@rollup/rollup-win32-x64-msvc": "4.22.5",
				"fsevents": "~2.3.2"
			}
		},
		"node_modules/sade": {
			"version": "1.8.1",
			"resolved": "https://pkgs.dev.azure.com/bag-2020prj/_packaging/B2BLibraries/npm/registry/sade/-/sade-1.8.1.tgz",
			"integrity": "sha1-CnjoHWWNOUiHvlfSpAm/cDo7JwE=",
			"dev": true,
			"license": "MIT",
			"dependencies": {
				"mri": "^1.1.0"
			},
			"engines": {
				"node": ">=6"
			}
		},
		"node_modules/set-cookie-parser": {
			"version": "2.7.0",
			"resolved": "https://pkgs.dev.azure.com/bag-2020prj/_packaging/B2BLibraries/npm/registry/set-cookie-parser/-/set-cookie-parser-2.7.0.tgz",
			"integrity": "sha1-71VStW3AG6rhAqy1/J+4zQYMMPk=",
			"dev": true,
			"license": "MIT"
		},
		"node_modules/sirv": {
			"version": "2.0.4",
			"resolved": "https://pkgs.dev.azure.com/bag-2020prj/_packaging/B2BLibraries/npm/registry/sirv/-/sirv-2.0.4.tgz",
			"integrity": "sha1-XdmnJcV4405EnzMnA+sqdORqKbA=",
			"dev": true,
			"license": "MIT",
			"dependencies": {
				"@polka/url": "^1.0.0-next.24",
				"mrmime": "^2.0.0",
				"totalist": "^3.0.0"
			},
			"engines": {
				"node": ">= 10"
			}
		},
		"node_modules/source-map-js": {
			"version": "1.2.1",
			"resolved": "https://pkgs.dev.azure.com/bag-2020prj/_packaging/B2BLibraries/npm/registry/source-map-js/-/source-map-js-1.2.1.tgz",
			"integrity": "sha1-HOVlD93YerwJnto33P8CTCZnrkY=",
			"dev": true,
			"license": "BSD-3-Clause",
			"engines": {
				"node": ">=0.10.0"
			}
		},
		"node_modules/svelte": {
			"version": "4.2.19",
			"resolved": "https://pkgs.dev.azure.com/bag-2020prj/_packaging/B2BLibraries/npm/registry/svelte/-/svelte-4.2.19.tgz",
			"integrity": "sha1-Tm6EqIGOLNBK4CVfzzlbwhHmHUw=",
			"dev": true,
			"license": "MIT",
			"dependencies": {
				"@ampproject/remapping": "^2.2.1",
				"@jridgewell/sourcemap-codec": "^1.4.15",
				"@jridgewell/trace-mapping": "^0.3.18",
				"@types/estree": "^1.0.1",
				"acorn": "^8.9.0",
				"aria-query": "^5.3.0",
				"axobject-query": "^4.0.0",
				"code-red": "^1.0.3",
				"css-tree": "^2.3.1",
				"estree-walker": "^3.0.3",
				"is-reference": "^3.0.1",
				"locate-character": "^3.0.0",
				"magic-string": "^0.30.4",
				"periscopic": "^3.1.0"
			},
			"engines": {
				"node": ">=16"
			}
		},
		"node_modules/svelte-check": {
			"version": "4.0.4",
			"resolved": "https://pkgs.dev.azure.com/bag-2020prj/_packaging/B2BLibraries/npm/registry/svelte-check/-/svelte-check-4.0.4.tgz",
			"integrity": "sha1-LHlrHiwPyfhiKJ6e07z5tmIN/Wo=",
			"dev": true,
			"license": "MIT",
			"dependencies": {
				"@jridgewell/trace-mapping": "^0.3.25",
				"chokidar": "^4.0.1",
				"fdir": "^6.2.0",
				"picocolors": "^1.0.0",
				"sade": "^1.7.4"
			},
			"bin": {
				"svelte-check": "bin/svelte-check"
			},
			"engines": {
				"node": ">= 18.0.0"
			},
			"peerDependencies": {
				"svelte": "^4.0.0 || ^5.0.0-next.0",
				"typescript": ">=5.0.0"
			}
		},
		"node_modules/svelte-hmr": {
			"version": "0.16.0",
			"resolved": "https://pkgs.dev.azure.com/bag-2020prj/_packaging/B2BLibraries/npm/registry/svelte-hmr/-/svelte-hmr-0.16.0.tgz",
			"integrity": "sha1-nzRbfRwWYvFhN0ftfoJQfjdsFxY=",
			"dev": true,
			"license": "ISC",
			"engines": {
				"node": "^12.20 || ^14.13.1 || >= 16"
			},
			"peerDependencies": {
				"svelte": "^3.19.0 || ^4.0.0"
			}
		},
		"node_modules/tiny-glob": {
			"version": "0.2.9",
			"resolved": "https://pkgs.dev.azure.com/bag-2020prj/_packaging/B2BLibraries/npm/registry/tiny-glob/-/tiny-glob-0.2.9.tgz",
			"integrity": "sha1-IhLUQawXkoAzsRD4s2QGgxKdMeI=",
			"dev": true,
			"license": "MIT",
			"dependencies": {
				"globalyzer": "0.1.0",
				"globrex": "^0.1.2"
			}
		},
		"node_modules/totalist": {
			"version": "3.0.1",
			"resolved": "https://pkgs.dev.azure.com/bag-2020prj/_packaging/B2BLibraries/npm/registry/totalist/-/totalist-3.0.1.tgz",
			"integrity": "sha1-ujo9YAyRWxqXhyNI95wSdHX2rPg=",
			"dev": true,
			"license": "MIT",
			"engines": {
				"node": ">=6"
			}
		},
		"node_modules/typescript": {
			"version": "5.6.2",
			"resolved": "https://pkgs.dev.azure.com/bag-2020prj/_packaging/B2BLibraries/npm/registry/typescript/-/typescript-5.6.2.tgz",
			"integrity": "sha1-0d5ntr73fEGCP4It+PCzvP9gpaA=",
			"dev": true,
			"license": "Apache-2.0",
			"bin": {
				"tsc": "bin/tsc",
				"tsserver": "bin/tsserver"
			},
			"engines": {
				"node": ">=14.17"
			}
		},
		"node_modules/vite": {
			"version": "5.4.8",
			"resolved": "https://pkgs.dev.azure.com/bag-2020prj/_packaging/B2BLibraries/npm/registry/vite/-/vite-5.4.8.tgz",
			"integrity": "sha1-r1SM4cIRsnhUeNO6Po2lHjmih+g=",
			"dev": true,
			"license": "MIT",
			"dependencies": {
				"esbuild": "^0.21.3",
				"postcss": "^8.4.43",
				"rollup": "^4.20.0"
			},
			"bin": {
				"vite": "bin/vite.js"
			},
			"engines": {
				"node": "^18.0.0 || >=20.0.0"
			},
			"funding": {
				"url": "https://github.com/vitejs/vite?sponsor=1"
			},
			"optionalDependencies": {
				"fsevents": "~2.3.3"
			},
			"peerDependencies": {
				"@types/node": "^18.0.0 || >=20.0.0",
				"less": "*",
				"lightningcss": "^1.21.0",
				"sass": "*",
				"sass-embedded": "*",
				"stylus": "*",
				"sugarss": "*",
				"terser": "^5.4.0"
			},
			"peerDependenciesMeta": {
				"@types/node": {
					"optional": true
				},
				"less": {
					"optional": true
				},
				"lightningcss": {
					"optional": true
				},
				"sass": {
					"optional": true
				},
				"sass-embedded": {
					"optional": true
				},
				"stylus": {
					"optional": true
				},
				"sugarss": {
					"optional": true
				},
				"terser": {
					"optional": true
				}
			}
		},
		"node_modules/vitefu": {
			"version": "0.2.5",
			"resolved": "https://pkgs.dev.azure.com/bag-2020prj/_packaging/B2BLibraries/npm/registry/vitefu/-/vitefu-0.2.5.tgz",
			"integrity": "sha1-wbk8N3+90+Xd1phA6jqnC0DZCWk=",
			"dev": true,
			"license": "MIT",
			"peerDependencies": {
				"vite": "^3.0.0 || ^4.0.0 || ^5.0.0"
			},
			"peerDependenciesMeta": {
				"vite": {
					"optional": true
				}
			}
		}
	}
}
